
Microsoft Visual Studio Solution File, Format Version 12.00
# Visual Studio Version 16
VisualStudioVersion = 16.0.31321.278
MinimumVisualStudioVersion = 10.0.40219.1
Project("{9A19103F-16F7-4668-BE54-9A1E7A4F7556}") = "FlockITChallenge", "FlockITChallenge\FlockITChallenge.csproj", "{8A402708-BB15-4C07-A122-820FCF44A755}"
EndProject
Project("{9A19103F-16F7-4668-BE54-9A1E7A4F7556}") = "FlockITChallengeUnitTest", "FlockITChallengeUnitTest\FlockITChallengeUnitTest.csproj", "{3DFC976F-B737-4677-99C8-6C5ACA05501D}"
EndProject
Global
	GlobalSection(SolutionConfigurationPlatforms) = preSolution
		Debug|Any CPU = Debug|Any CPU
		Release|Any CPU = Release|Any CPU
	EndGlobalSection
	GlobalSection(ProjectConfigurationPlatforms) = postSolution
		{8A402708-BB15-4C07-A122-820FCF44A755}.Debug|Any CPU.ActiveCfg = Debug|Any CPU
		{8A402708-BB15-4C07-A122-820FCF44A755}.Debug|Any CPU.Build.0 = Debug|Any CPU
		{8A402708-BB15-4C07-A122-820FCF44A755}.Release|Any CPU.ActiveCfg = Release|Any CPU
		{8A402708-BB15-4C07-A122-820FCF44A755}.Release|Any CPU.Build.0 = Release|Any CPU
		{3DFC976F-B737-4677-99C8-6C5ACA05501D}.Debug|Any CPU.ActiveCfg = Debug|Any CPU
		{3DFC976F-B737-4677-99C8-6C5ACA05501D}.Debug|Any CPU.Build.0 = Debug|Any CPU
		{3DFC976F-B737-4677-99C8-6C5ACA05501D}.Release|Any CPU.ActiveCfg = Release|Any CPU
		{3DFC976F-B737-4677-99C8-6C5ACA05501D}.Release|Any CPU.Build.0 = Release|Any CPU
	EndGlobalSection
	GlobalSection(SolutionProperties) = preSolution
		HideSolutionNode = FALSE
	EndGlobalSection
	GlobalSection(ExtensibilityGlobals) = postSolution
		SolutionGuid = {AABAC986-316B-403B-A4BD-958FD04E30C7}
	EndGlobalSection
EndGlobal
